
Microsoft Visual Studio Solution File, Format Version 12.00
# Visual Studio 15
VisualStudioVersion = 15.0.27428.2015
MinimumVisualStudioVersion = 10.0.40219.1
Project("{FAE04EC0-301F-11D3-BF4B-00C04F79EFBC}") = "Iyzipay", "Iyzipay\Iyzipay.csproj", "{4E41A003-CF45-49CD-873F-B9F5B6C8F298}"
EndProject
Project("{FAE04EC0-301F-11D3-BF4B-00C04F79EFBC}") = "Iyzipay.Samples", "Iyzipay.Samples\Iyzipay.Samples.csproj", "{F82DF7E0-E28B-4F27-B83C-64A701FC8AAA}"
EndProject
Global
	GlobalSection(SolutionConfigurationPlatforms) = preSolution
		Debug|Any CPU = Debug|Any CPU
		Release|Any CPU = Release|Any CPU
	EndGlobalSection
	GlobalSection(ProjectConfigurationPlatforms) = postSolution
		{4E41A003-CF45-49CD-873F-B9F5B6C8F298}.Debug|Any CPU.ActiveCfg = Debug|Any CPU
		{4E41A003-CF45-49CD-873F-B9F5B6C8F298}.Debug|Any CPU.Build.0 = Debug|Any CPU
		{4E41A003-CF45-49CD-873F-B9F5B6C8F298}.Release|Any CPU.ActiveCfg = Release|Any CPU
		{4E41A003-CF45-49CD-873F-B9F5B6C8F298}.Release|Any CPU.Build.0 = Release|Any CPU
		{F82DF7E0-E28B-4F27-B83C-64A701FC8AAA}.Debug|Any CPU.ActiveCfg = Debug|Any CPU
		{F82DF7E0-E28B-4F27-B83C-64A701FC8AAA}.Debug|Any CPU.Build.0 = Debug|Any CPU
		{F82DF7E0-E28B-4F27-B83C-64A701FC8AAA}.Release|Any CPU.ActiveCfg = Release|Any CPU
		{F82DF7E0-E28B-4F27-B83C-64A701FC8AAA}.Release|Any CPU.Build.0 = Release|Any CPU
	EndGlobalSection
	GlobalSection(SolutionProperties) = preSolution
		HideSolutionNode = FALSE
	EndGlobalSection
	GlobalSection(ExtensibilityGlobals) = postSolution
		SolutionGuid = {DEC65146-7688-46E1-8E09-14EA50FA8175}
	EndGlobalSection
EndGlobal
